{
    "_readme": [
        "This file locks the dependencies of your project to a known state",
        "Read more about it at https://getcomposer.org/doc/01-basic-usage.md#composer-lock-the-lock-file",
        "This file is @generated automatically"
    ],
    "content-hash": "68b12b66640b2c82fc68b1c8ef58a2e3",
    "packages": [
        {
            "name": "hprose/hprose",
            "version": "v2.0.32",
            "source": {
                "type": "git",
                "url": "https://github.com/hprose/hprose-php.git",
                "reference": "bc5ecaabd59f9c8b41b4172cf192efa610934088"
            },
            "dist": {
                "type": "zip",
                "url": "https://api.github.com/repos/hprose/hprose-php/zipball/bc5ecaabd59f9c8b41b4172cf192efa610934088",
                "reference": "bc5ecaabd59f9c8b41b4172cf192efa610934088",
                "shasum": "",
                "mirrors": [
                    {
                        "url": "https://dl.laravel-china.org/%package%/%reference%.%type%",
                        "preferred": true
                    }
                ]
            },
            "require": {
                "php": ">=5.3.0"
            },
            "require-dev": {
                "phpunit/phpunit": ">=4.0.0"
            },
            "suggest": {
                "ext-hprose": "Faster serialize and unserialize hprose extension."
            },
            "type": "library",
            "autoload": {
                "files": [
                    "src/init.php"
                ],
                "psr-4": {
                    "Hprose\\": "src/Hprose"
                }
            },
            "notification-url": "https://packagist.org/downloads/",
            "license": [
                "MIT"
            ],
            "authors": [
                {
                    "name": "Ma Bingyao",
                    "email": "andot@hprose.com",
                    "homepage": "http://hprose.com",
                    "role": "Developer"
                }
            ],
            "description": "It is a modern, lightweight, cross-language, cross-platform, object-oriented, high performance, remote dynamic communication middleware. It is not only easy to use, but powerful. You just need a little time to learn, then you can use it to easily construct cross language cross platform distributed application system.",
            "homepage": "http://hprose.com/",
            "keywords": [
                "HTML5",
                "Hprose",
                "Socket",
                "ajax",
                "async",
                "communication",
                "cross-domain",
                "cross-language",
                "cross-platform",
                "framework",
                "future",
                "game",
                "http",
                "json",
                "jsonrpc",
                "library",
                "middleware",
                "phprpc",
                "protocol",
                "rpc",
                "serialization",
                "serialize",
                "service",
                "tcp",
                "unix",
                "web",
                "webapi",
                "webservice",
                "websocket",
                "xmlrpc"
            ],
            "time": "2017-11-13T06:00:54+00:00"
        },
        {
            "name": "hprose/hprose-swoole",
            "version": "v2.0.8",
            "source": {
                "type": "git",
                "url": "https://github.com/hprose/hprose-swoole.git",
                "reference": "02b60bce4d03df763cc4788bff0e63a27451c323"
            },
            "dist": {
                "type": "zip",
                "url": "https://api.github.com/repos/hprose/hprose-swoole/zipball/02b60bce4d03df763cc4788bff0e63a27451c323",
                "reference": "02b60bce4d03df763cc4788bff0e63a27451c323",
                "shasum": "",
                "mirrors": [
                    {
                        "url": "https://dl.laravel-china.org/%package%/%reference%.%type%",
                        "preferred": true
                    }
                ]
            },
            "require": {
                "ext-swoole": ">=1.8.8",
                "hprose/hprose": ">=2.0.9",
                "php": ">=5.3.0"
            },
            "require-dev": {
                "phpunit/phpunit": ">=4.0.0"
            },
            "suggest": {
                "ext-hprose": "Faster serialize and unserialize hprose extension."
            },
            "type": "library",
            "autoload": {
                "psr-4": {
                    "Hprose\\Swoole\\": "src/Hprose/Swoole"
                }
            },
            "notification-url": "https://packagist.org/downloads/",
            "license": [
                "MIT"
            ],
            "authors": [
                {
                    "name": "Ma Bingyao",
                    "email": "andot@hprose.com",
                    "homepage": "http://hprose.com",
                    "role": "Developer"
                }
            ],
            "description": "Hprose asynchronous client & standalone server based on swoole",
            "homepage": "http://hprose.com/",
            "keywords": [
                "HTML5",
                "Hprose",
                "Socket",
                "ajax",
                "async",
                "communication",
                "cross-domain",
                "cross-language",
                "cross-platform",
                "framework",
                "future",
                "game",
                "http",
                "json",
                "jsonrpc",
                "library",
                "middleware",
                "phprpc",
                "protocol",
                "rpc",
                "serialization",
                "serialize",
                "service",
                "tcp",
                "unix",
                "web",
                "webapi",
                "webservice",
                "websocket",
                "xmlrpc"
            ],
            "time": "2016-11-25T03:06:09+00:00"
        },
        {
            "name": "league/climate",
            "version": "3.2.1",
            "source": {
                "type": "git",
                "url": "https://github.com/thephpleague/climate.git",
                "reference": "b103fc8faa3780c802cc507d5f0ff534ecc94fb5"
            },
            "dist": {
                "type": "zip",
                "url": "https://api.github.com/repos/thephpleague/climate/zipball/b103fc8faa3780c802cc507d5f0ff534ecc94fb5",
                "reference": "b103fc8faa3780c802cc507d5f0ff534ecc94fb5",
                "shasum": "",
                "mirrors": [
                    {
                        "url": "https://dl.laravel-china.org/%package%/%reference%.%type%",
                        "preferred": true
                    }
                ]
            },
            "require": {
                "php": ">=5.4.0",
                "seld/cli-prompt": "~1.0"
            },
            "require-dev": {
                "mikey179/vfsstream": "~1.4",
                "mockery/mockery": "~0.9",
                "phpunit/phpunit": "~4.6"
            },
            "type": "library",
            "autoload": {
                "psr-4": {
                    "League\\CLImate\\": "src/"
                }
            },
            "notification-url": "https://packagist.org/downloads/",
            "license": [
                "MIT"
            ],
            "authors": [
                {
                    "name": "Joe Tannenbaum",
                    "email": "hey@joe.codes",
                    "homepage": "http://joe.codes/",
                    "role": "Developer"
                }
            ],
            "description": "PHP's best friend for the terminal. CLImate allows you to easily output colored text, special formats, and more.",
            "keywords": [
                "cli",
                "colors",
                "command",
                "php",
                "terminal"
            ],
            "time": "2016-04-04T20:24:59+00:00"
        },
        {
            "name": "monolog/monolog",
            "version": "1.23.0",
            "source": {
                "type": "git",
                "url": "https://github.com/Seldaek/monolog.git",
                "reference": "fd8c787753b3a2ad11bc60c063cff1358a32a3b4"
            },
            "dist": {
                "type": "zip",
                "url": "https://api.github.com/repos/Seldaek/monolog/zipball/fd8c787753b3a2ad11bc60c063cff1358a32a3b4",
                "reference": "fd8c787753b3a2ad11bc60c063cff1358a32a3b4",
                "shasum": "",
                "mirrors": [
                    {
                        "url": "https://dl.laravel-china.org/%package%/%reference%.%type%",
                        "preferred": true
                    }
                ]
            },
            "require": {
                "php": ">=5.3.0",
                "psr/log": "~1.0"
            },
            "provide": {
                "psr/log-implementation": "1.0.0"
            },
            "require-dev": {
                "aws/aws-sdk-php": "^2.4.9 || ^3.0",
                "doctrine/couchdb": "~1.0@dev",
                "graylog2/gelf-php": "~1.0",
                "jakub-onderka/php-parallel-lint": "0.9",
                "php-amqplib/php-amqplib": "~2.4",
                "php-console/php-console": "^3.1.3",
                "phpunit/phpunit": "~4.5",
                "phpunit/phpunit-mock-objects": "2.3.0",
                "ruflin/elastica": ">=0.90 <3.0",
                "sentry/sentry": "^0.13",
                "swiftmailer/swiftmailer": "^5.3|^6.0"
            },
            "suggest": {
                "aws/aws-sdk-php": "Allow sending log messages to AWS services like DynamoDB",
                "doctrine/couchdb": "Allow sending log messages to a CouchDB server",
                "ext-amqp": "Allow sending log messages to an AMQP server (1.0+ required)",
                "ext-mongo": "Allow sending log messages to a MongoDB server",
                "graylog2/gelf-php": "Allow sending log messages to a GrayLog2 server",
                "mongodb/mongodb": "Allow sending log messages to a MongoDB server via PHP Driver",
                "php-amqplib/php-amqplib": "Allow sending log messages to an AMQP server using php-amqplib",
                "php-console/php-console": "Allow sending log messages to Google Chrome",
                "rollbar/rollbar": "Allow sending log messages to Rollbar",
                "ruflin/elastica": "Allow sending log messages to an Elastic Search server",
                "sentry/sentry": "Allow sending log messages to a Sentry server"
            },
            "type": "library",
            "extra": {
                "branch-alias": {
                    "dev-master": "2.0.x-dev"
                }
            },
            "autoload": {
                "psr-4": {
                    "Monolog\\": "src/Monolog"
                }
            },
            "notification-url": "https://packagist.org/downloads/",
            "license": [
                "MIT"
            ],
            "authors": [
                {
                    "name": "Jordi Boggiano",
                    "email": "j.boggiano@seld.be",
                    "homepage": "http://seld.be"
                }
            ],
            "description": "Sends your logs to files, sockets, inboxes, databases and various web services",
            "homepage": "http://github.com/Seldaek/monolog",
            "keywords": [
                "log",
                "logging",
                "psr-3"
            ],
            "time": "2017-06-19T01:22:40+00:00"
        },
        {
            "name": "psr/log",
            "version": "1.0.2",
            "source": {
                "type": "git",
                "url": "https://github.com/php-fig/log.git",
                "reference": "4ebe3a8bf773a19edfe0a84b6585ba3d401b724d"
            },
            "dist": {
                "type": "zip",
                "url": "https://api.github.com/repos/php-fig/log/zipball/4ebe3a8bf773a19edfe0a84b6585ba3d401b724d",
                "reference": "4ebe3a8bf773a19edfe0a84b6585ba3d401b724d",
                "shasum": "",
                "mirrors": [
                    {
                        "url": "https://dl.laravel-china.org/%package%/%reference%.%type%",
                        "preferred": true
                    }
                ]
            },
            "require": {
                "php": ">=5.3.0"
            },
            "type": "library",
            "extra": {
                "branch-alias": {
                    "dev-master": "1.0.x-dev"
                }
            },
            "autoload": {
                "psr-4": {
                    "Psr\\Log\\": "Psr/Log/"
                }
            },
            "notification-url": "https://packagist.org/downloads/",
            "license": [
                "MIT"
            ],
            "authors": [
                {
                    "name": "PHP-FIG",
                    "homepage": "http://www.php-fig.org/"
                }
            ],
            "description": "Common interface for logging libraries",
            "homepage": "https://github.com/php-fig/log",
            "keywords": [
                "log",
                "psr",
                "psr-3"
            ],
            "time": "2016-10-10T12:19:37+00:00"
        },
        {
            "name": "seld/cli-prompt",
            "version": "1.0.3",
            "source": {
                "type": "git",
                "url": "https://github.com/Seldaek/cli-prompt.git",
                "reference": "a19a7376a4689d4d94cab66ab4f3c816019ba8dd"
            },
            "dist": {
                "type": "zip",
                "url": "https://api.github.com/repos/Seldaek/cli-prompt/zipball/a19a7376a4689d4d94cab66ab4f3c816019ba8dd",
                "reference": "a19a7376a4689d4d94cab66ab4f3c816019ba8dd",
                "shasum": "",
                "mirrors": [
                    {
                        "url": "https://dl.laravel-china.org/%package%/%reference%.%type%",
                        "preferred": true
                    }
                ]
            },
            "require": {
                "php": ">=5.3"
            },
            "type": "library",
            "extra": {
                "branch-alias": {
                    "dev-master": "1.x-dev"
                }
            },
            "autoload": {
                "psr-4": {
                    "Seld\\CliPrompt\\": "src/"
                }
            },
            "notification-url": "https://packagist.org/downloads/",
            "license": [
                "MIT"
            ],
            "authors": [
                {
                    "name": "Jordi Boggiano",
                    "email": "j.boggiano@seld.be"
                }
            ],
            "description": "Allows you to prompt for user input on the command line, and optionally hide the characters they type",
            "keywords": [
                "cli",
                "console",
                "hidden",
                "input",
                "prompt"
            ],
            "time": "2017-03-18T11:32:45+00:00"
        }
    ],
    "packages-dev": [],
    "aliases": [],
    "minimum-stability": "stable",
    "stability-flags": [],
    "prefer-stable": false,
    "prefer-lowest": false,
    "platform": {
        "php": ">=7.1.0"
    },
    "platform-dev": []
}
